
Microsoft Visual Studio Solution File, Format Version 12.00
# Visual Studio 2013
VisualStudioVersion = 12.0.0.0
MinimumVisualStudioVersion = 10.0.0.1
Project("{FAE04EC0-301F-11D3-BF4B-00C04F79EFBC}") = "pet_the_pup", "pet-the-pup\pet-the-pup.csproj", "{91F034E9-8717-4F86-B6A4-EBC2F33FFD04}"
EndProject
Project("{FAE04EC0-301F-11D3-BF4B-00C04F79EFBC}") = "Common", "Common\Common.csproj", "{BD3FF381-5EC2-471C-8A09-7CD40DD68EAA}"
EndProject
Global
	GlobalSection(SolutionConfigurationPlatforms) = preSolution
		Debug|Any CPU = Debug|Any CPU
		Release|Any CPU = Release|Any CPU
	EndGlobalSection
	GlobalSection(ProjectConfigurationPlatforms) = postSolution
		{91F034E9-8717-4F86-B6A4-EBC2F33FFD04}.Debug|Any CPU.ActiveCfg = Debug|Any CPU
		{91F034E9-8717-4F86-B6A4-EBC2F33FFD04}.Debug|Any CPU.Build.0 = Debug|Any CPU
		{91F034E9-8717-4F86-B6A4-EBC2F33FFD04}.Release|Any CPU.ActiveCfg = Release|Any CPU
		{91F034E9-8717-4F86-B6A4-EBC2F33FFD04}.Release|Any CPU.Build.0 = Release|Any CPU
		{BD3FF381-5EC2-471C-8A09-7CD40DD68EAA}.Debug|Any CPU.ActiveCfg = Debug|Any CPU
		{BD3FF381-5EC2-471C-8A09-7CD40DD68EAA}.Debug|Any CPU.Build.0 = Debug|Any CPU
		{BD3FF381-5EC2-471C-8A09-7CD40DD68EAA}.Release|Any CPU.ActiveCfg = Release|Any CPU
		{BD3FF381-5EC2-471C-8A09-7CD40DD68EAA}.Release|Any CPU.Build.0 = Release|Any CPU
	EndGlobalSection
	GlobalSection(SolutionProperties) = preSolution
		HideSolutionNode = FALSE
	EndGlobalSection
EndGlobal
